
Microsoft Visual Studio Solution File, Format Version 12.00
Project("{FAE04EC0-301F-11D3-BF4B-00C04F79EFBC}") = "Sdk.ServiceClient", "src\Sdk.ServiceClient\Sdk.ServiceClient.csproj", "{27EE4A56-C751-4689-8865-B1F84F6F2209}"
EndProject
Project("{FAE04EC0-301F-11D3-BF4B-00C04F79EFBC}") = "Sdk.Common", "src\Sdk.Common\Sdk.Common.csproj", "{002B95BD-8281-49F0-8467-6B308A7954EA}"
EndProject
Global
	GlobalSection(SolutionConfigurationPlatforms) = preSolution
		Debug|Any CPU = Debug|Any CPU
		Release|Any CPU = Release|Any CPU
	EndGlobalSection
	GlobalSection(ProjectConfigurationPlatforms) = postSolution
		{27EE4A56-C751-4689-8865-B1F84F6F2209}.Debug|Any CPU.ActiveCfg = Debug|Any CPU
		{27EE4A56-C751-4689-8865-B1F84F6F2209}.Debug|Any CPU.Build.0 = Debug|Any CPU
		{27EE4A56-C751-4689-8865-B1F84F6F2209}.Release|Any CPU.ActiveCfg = Release|Any CPU
		{27EE4A56-C751-4689-8865-B1F84F6F2209}.Release|Any CPU.Build.0 = Release|Any CPU
		{002B95BD-8281-49F0-8467-6B308A7954EA}.Debug|Any CPU.ActiveCfg = Debug|Any CPU
		{002B95BD-8281-49F0-8467-6B308A7954EA}.Debug|Any CPU.Build.0 = Debug|Any CPU
		{002B95BD-8281-49F0-8467-6B308A7954EA}.Release|Any CPU.ActiveCfg = Release|Any CPU
		{002B95BD-8281-49F0-8467-6B308A7954EA}.Release|Any CPU.Build.0 = Release|Any CPU
	EndGlobalSection
	GlobalSection(NestedProjects) = preSolution
	EndGlobalSection
EndGlobal
