
Microsoft Visual Studio Solution File, Format Version 12.00
Project("{FAE04EC0-301F-11D3-BF4B-00C04F79EFBC}") = "Sdk.ServiceClient", "src\Sdk.ServiceClient\Sdk.ServiceClient.csproj", "{27EE4A56-C751-4689-8865-B1F84F6F2209}"
EndProject
Project("{FAE04EC0-301F-11D3-BF4B-00C04F79EFBC}") = "Sdk.Common", "src\Sdk.Common\Sdk.Common.csproj", "{002B95BD-8281-49F0-8467-6B308A7954EA}"
EndProject
Project("{2150E333-8FDC-42A3-9474-1A3956D46DE8}") = "Plugs", "Plugs", "{AA607D88-0DC7-4180-8E05-8C47336E4DB2}"
EndProject
Project("{FAE04EC0-301F-11D3-BF4B-00C04F79EFBC}") = "Sdk.Plugs.Sample", "src\samples\Sdk.Plugs.Sample\Sdk.Plugs.Sample.csproj", "{D13A1036-AC8E-4544-83F2-404E51018F6C}"
EndProject
Project("{FAE04EC0-301F-11D3-BF4B-00C04F79EFBC}") = "Sdk.Common.Web", "src\Sdk.Common.Web\Sdk.Common.Web.csproj", "{EB04B3D3-4D7F-4EF7-9FB9-0EA7A0F9CD75}"
EndProject
Project("{FAE04EC0-301F-11D3-BF4B-00C04F79EFBC}") = "Communication.Contracts", "src\Communication.Contracts\Communication.Contracts.csproj", "{B7F4D30A-CB63-460F-8B08-AC39E6EC3CA7}"
EndProject
Global
	GlobalSection(SolutionConfigurationPlatforms) = preSolution
		Debug|Any CPU = Debug|Any CPU
		Release|Any CPU = Release|Any CPU
	EndGlobalSection
	GlobalSection(ProjectConfigurationPlatforms) = postSolution
		{27EE4A56-C751-4689-8865-B1F84F6F2209}.Debug|Any CPU.ActiveCfg = Debug|Any CPU
		{27EE4A56-C751-4689-8865-B1F84F6F2209}.Debug|Any CPU.Build.0 = Debug|Any CPU
		{27EE4A56-C751-4689-8865-B1F84F6F2209}.Release|Any CPU.ActiveCfg = Release|Any CPU
		{27EE4A56-C751-4689-8865-B1F84F6F2209}.Release|Any CPU.Build.0 = Release|Any CPU
		{002B95BD-8281-49F0-8467-6B308A7954EA}.Debug|Any CPU.ActiveCfg = Debug|Any CPU
		{002B95BD-8281-49F0-8467-6B308A7954EA}.Debug|Any CPU.Build.0 = Debug|Any CPU
		{002B95BD-8281-49F0-8467-6B308A7954EA}.Release|Any CPU.ActiveCfg = Release|Any CPU
		{002B95BD-8281-49F0-8467-6B308A7954EA}.Release|Any CPU.Build.0 = Release|Any CPU
		{D13A1036-AC8E-4544-83F2-404E51018F6C}.Debug|Any CPU.ActiveCfg = Debug|Any CPU
		{D13A1036-AC8E-4544-83F2-404E51018F6C}.Debug|Any CPU.Build.0 = Debug|Any CPU
		{D13A1036-AC8E-4544-83F2-404E51018F6C}.Release|Any CPU.ActiveCfg = Release|Any CPU
		{D13A1036-AC8E-4544-83F2-404E51018F6C}.Release|Any CPU.Build.0 = Release|Any CPU
		{EB04B3D3-4D7F-4EF7-9FB9-0EA7A0F9CD75}.Debug|Any CPU.ActiveCfg = Debug|Any CPU
		{EB04B3D3-4D7F-4EF7-9FB9-0EA7A0F9CD75}.Debug|Any CPU.Build.0 = Debug|Any CPU
		{EB04B3D3-4D7F-4EF7-9FB9-0EA7A0F9CD75}.Release|Any CPU.ActiveCfg = Release|Any CPU
		{EB04B3D3-4D7F-4EF7-9FB9-0EA7A0F9CD75}.Release|Any CPU.Build.0 = Release|Any CPU
		{B7F4D30A-CB63-460F-8B08-AC39E6EC3CA7}.Debug|Any CPU.ActiveCfg = Debug|Any CPU
		{B7F4D30A-CB63-460F-8B08-AC39E6EC3CA7}.Debug|Any CPU.Build.0 = Debug|Any CPU
		{B7F4D30A-CB63-460F-8B08-AC39E6EC3CA7}.Release|Any CPU.ActiveCfg = Release|Any CPU
		{B7F4D30A-CB63-460F-8B08-AC39E6EC3CA7}.Release|Any CPU.Build.0 = Release|Any CPU
	EndGlobalSection
	GlobalSection(NestedProjects) = preSolution
		{D13A1036-AC8E-4544-83F2-404E51018F6C} = {AA607D88-0DC7-4180-8E05-8C47336E4DB2}
	EndGlobalSection
EndGlobal
