
Microsoft Visual Studio Solution File, Format Version 12.00
Project("{FAE04EC0-301F-11D3-BF4B-00C04F79EFBC}") = "Shared", "src\octo-core\src\Common\Shared\Shared.csproj", "{FE20A9E6-7877-4A37-AC90-D10AD0E16A51}"
EndProject
Project("{2150E333-8FDC-42A3-9474-1A3956D46DE8}") = "submodules", "submodules", "{5DB01D77-8AC7-42A7-9581-6F877D881C8B}"
EndProject
Project("{2150E333-8FDC-42A3-9474-1A3956D46DE8}") = "common", "common", "{1ABD9BBB-49C1-47C7-BF30-E3CBB764E246}"
EndProject
Project("{2150E333-8FDC-42A3-9474-1A3956D46DE8}") = "sdk", "sdk", "{41FF1B0E-7027-4E69-AC0E-D8A749042F6D}"
EndProject
Project("{FAE04EC0-301F-11D3-BF4B-00C04F79EFBC}") = "ServiceClient", "src\sdk\ServiceClient\ServiceClient.csproj", "{591B898A-26D2-4238-B454-AA10C5BEBF50}"
EndProject
Project("{FAE04EC0-301F-11D3-BF4B-00C04F79EFBC}") = "PlugExecutor", "src\sdk\PlugExecutor\PlugExecutor.csproj", "{620710AC-ED6E-4A67-90B5-B4F575C05A45}"
EndProject
Project("{FAE04EC0-301F-11D3-BF4B-00C04F79EFBC}") = "Communication.Common", "src\sdk\Communication.Common\Communication.Common.csproj", "{F41ED4B2-4F92-42AB-B0B5-F91E4A8A4B20}"
EndProject
Project("{FAE04EC0-301F-11D3-BF4B-00C04F79EFBC}") = "Communication.Plugs.Contracts", "src\octo-core\src\Common\Communication.Plugs.Contracts\Communication.Plugs.Contracts.csproj", "{9DA6E6B0-2E4B-4737-9E5A-09AA8AB356AA}"
EndProject
Project("{FAE04EC0-301F-11D3-BF4B-00C04F79EFBC}") = "Communication.Contracts", "src\octo-core\src\Common\Communication.Contracts\Communication.Contracts.csproj", "{398015DC-A41F-4C59-BA93-98AF13D63DD4}"
EndProject
Global
	GlobalSection(SolutionConfigurationPlatforms) = preSolution
		Debug|Any CPU = Debug|Any CPU
		Release|Any CPU = Release|Any CPU
	EndGlobalSection
	GlobalSection(ProjectConfigurationPlatforms) = postSolution
		{FE20A9E6-7877-4A37-AC90-D10AD0E16A51}.Debug|Any CPU.ActiveCfg = Debug|Any CPU
		{FE20A9E6-7877-4A37-AC90-D10AD0E16A51}.Debug|Any CPU.Build.0 = Debug|Any CPU
		{FE20A9E6-7877-4A37-AC90-D10AD0E16A51}.Release|Any CPU.ActiveCfg = Release|Any CPU
		{FE20A9E6-7877-4A37-AC90-D10AD0E16A51}.Release|Any CPU.Build.0 = Release|Any CPU
		{591B898A-26D2-4238-B454-AA10C5BEBF50}.Debug|Any CPU.ActiveCfg = Debug|Any CPU
		{591B898A-26D2-4238-B454-AA10C5BEBF50}.Debug|Any CPU.Build.0 = Debug|Any CPU
		{591B898A-26D2-4238-B454-AA10C5BEBF50}.Release|Any CPU.ActiveCfg = Release|Any CPU
		{591B898A-26D2-4238-B454-AA10C5BEBF50}.Release|Any CPU.Build.0 = Release|Any CPU
		{620710AC-ED6E-4A67-90B5-B4F575C05A45}.Debug|Any CPU.ActiveCfg = Debug|Any CPU
		{620710AC-ED6E-4A67-90B5-B4F575C05A45}.Debug|Any CPU.Build.0 = Debug|Any CPU
		{620710AC-ED6E-4A67-90B5-B4F575C05A45}.Release|Any CPU.ActiveCfg = Release|Any CPU
		{620710AC-ED6E-4A67-90B5-B4F575C05A45}.Release|Any CPU.Build.0 = Release|Any CPU
		{F41ED4B2-4F92-42AB-B0B5-F91E4A8A4B20}.Debug|Any CPU.ActiveCfg = Debug|Any CPU
		{F41ED4B2-4F92-42AB-B0B5-F91E4A8A4B20}.Debug|Any CPU.Build.0 = Debug|Any CPU
		{F41ED4B2-4F92-42AB-B0B5-F91E4A8A4B20}.Release|Any CPU.ActiveCfg = Release|Any CPU
		{F41ED4B2-4F92-42AB-B0B5-F91E4A8A4B20}.Release|Any CPU.Build.0 = Release|Any CPU
		{9DA6E6B0-2E4B-4737-9E5A-09AA8AB356AA}.Debug|Any CPU.ActiveCfg = Debug|Any CPU
		{9DA6E6B0-2E4B-4737-9E5A-09AA8AB356AA}.Debug|Any CPU.Build.0 = Debug|Any CPU
		{9DA6E6B0-2E4B-4737-9E5A-09AA8AB356AA}.Release|Any CPU.ActiveCfg = Release|Any CPU
		{9DA6E6B0-2E4B-4737-9E5A-09AA8AB356AA}.Release|Any CPU.Build.0 = Release|Any CPU
		{398015DC-A41F-4C59-BA93-98AF13D63DD4}.Debug|Any CPU.ActiveCfg = Debug|Any CPU
		{398015DC-A41F-4C59-BA93-98AF13D63DD4}.Debug|Any CPU.Build.0 = Debug|Any CPU
		{398015DC-A41F-4C59-BA93-98AF13D63DD4}.Release|Any CPU.ActiveCfg = Release|Any CPU
		{398015DC-A41F-4C59-BA93-98AF13D63DD4}.Release|Any CPU.Build.0 = Release|Any CPU
	EndGlobalSection
	GlobalSection(NestedProjects) = preSolution
		{1ABD9BBB-49C1-47C7-BF30-E3CBB764E246} = {5DB01D77-8AC7-42A7-9581-6F877D881C8B}
		{FE20A9E6-7877-4A37-AC90-D10AD0E16A51} = {1ABD9BBB-49C1-47C7-BF30-E3CBB764E246}
		{591B898A-26D2-4238-B454-AA10C5BEBF50} = {41FF1B0E-7027-4E69-AC0E-D8A749042F6D}
		{620710AC-ED6E-4A67-90B5-B4F575C05A45} = {41FF1B0E-7027-4E69-AC0E-D8A749042F6D}
		{F41ED4B2-4F92-42AB-B0B5-F91E4A8A4B20} = {41FF1B0E-7027-4E69-AC0E-D8A749042F6D}
		{9DA6E6B0-2E4B-4737-9E5A-09AA8AB356AA} = {1ABD9BBB-49C1-47C7-BF30-E3CBB764E246}
		{398015DC-A41F-4C59-BA93-98AF13D63DD4} = {1ABD9BBB-49C1-47C7-BF30-E3CBB764E246}
	EndGlobalSection
EndGlobal
