
Microsoft Visual Studio Solution File, Format Version 12.00
Project("{FAE04EC0-301F-11D3-BF4B-00C04F79EFBC}") = "Sdk.ServiceClient", "src\Sdk.ServiceClient\Sdk.ServiceClient.csproj", "{27EE4A56-C751-4689-8865-B1F84F6F2209}"
EndProject
Project("{FAE04EC0-301F-11D3-BF4B-00C04F79EFBC}") = "Sdk.Common", "src\Sdk.Common\Sdk.Common.csproj", "{002B95BD-8281-49F0-8467-6B308A7954EA}"
EndProject
Project("{2150E333-8FDC-42A3-9474-1A3956D46DE8}") = "Samples", "Samples", "{AA607D88-0DC7-4180-8E05-8C47336E4DB2}"
EndProject
Project("{FAE04EC0-301F-11D3-BF4B-00C04F79EFBC}") = "Communication.Contracts", "src\Communication.Contracts\Communication.Contracts.csproj", "{B7F4D30A-CB63-460F-8B08-AC39E6EC3CA7}"
EndProject
Project("{FAE04EC0-301F-11D3-BF4B-00C04F79EFBC}") = "Sdk.SourceGeneration", "src\Sdk.SourceGeneration\Sdk.SourceGeneration.csproj", "{FEAADAB4-6D4A-473F-8981-B77B26284F48}"
EndProject
Project("{2150E333-8FDC-42A3-9474-1A3956D46DE8}") = "tests", "tests", "{A9128CA7-6F84-4E8F-8F03-07293BA7DF54}"
EndProject
Project("{FAE04EC0-301F-11D3-BF4B-00C04F79EFBC}") = "Sdk.GraphQlCodeGenSample", "samples\Sdk.GraphQlCodeGenSample\Sdk.GraphQlCodeGenSample.csproj", "{AF86A320-185A-48EC-8E27-A76AF2F30932}"
EndProject
Project("{FAE04EC0-301F-11D3-BF4B-00C04F79EFBC}") = "Sdk.ServiceClient.Tests", "tests\Sdk.ServiceClient.Tests\Sdk.ServiceClient.Tests.csproj", "{8741EC3E-CB4B-49D9-A12E-973478013C0A}"
EndProject
Project("{FAE04EC0-301F-11D3-BF4B-00C04F79EFBC}") = "Communication.Contracts.Tests", "tests\Communication.Contracts.Tests\Communication.Contracts.Tests.csproj", "{A6783560-BC64-4C8D-9EBF-552B6F5A8BC8}"
EndProject
Global
	GlobalSection(SolutionConfigurationPlatforms) = preSolution
		Debug|Any CPU = Debug|Any CPU
		Debug|x64 = Debug|x64
		Debug|x86 = Debug|x86
		Release|Any CPU = Release|Any CPU
		Release|x64 = Release|x64
		Release|x86 = Release|x86
		DebugL|Any CPU = DebugL|Any CPU
		DebugL|x64 = DebugL|x64
		DebugL|x86 = DebugL|x86
	EndGlobalSection
	GlobalSection(ProjectConfigurationPlatforms) = postSolution
		{27EE4A56-C751-4689-8865-B1F84F6F2209}.Debug|Any CPU.ActiveCfg = Debug|Any CPU
		{27EE4A56-C751-4689-8865-B1F84F6F2209}.Debug|Any CPU.Build.0 = Debug|Any CPU
		{27EE4A56-C751-4689-8865-B1F84F6F2209}.Debug|x64.ActiveCfg = Debug|Any CPU
		{27EE4A56-C751-4689-8865-B1F84F6F2209}.Debug|x64.Build.0 = Debug|Any CPU
		{27EE4A56-C751-4689-8865-B1F84F6F2209}.Debug|x86.ActiveCfg = Debug|Any CPU
		{27EE4A56-C751-4689-8865-B1F84F6F2209}.Debug|x86.Build.0 = Debug|Any CPU
		{27EE4A56-C751-4689-8865-B1F84F6F2209}.Release|Any CPU.ActiveCfg = Release|Any CPU
		{27EE4A56-C751-4689-8865-B1F84F6F2209}.Release|Any CPU.Build.0 = Release|Any CPU
		{27EE4A56-C751-4689-8865-B1F84F6F2209}.Release|x64.ActiveCfg = Release|Any CPU
		{27EE4A56-C751-4689-8865-B1F84F6F2209}.Release|x64.Build.0 = Release|Any CPU
		{27EE4A56-C751-4689-8865-B1F84F6F2209}.Release|x86.ActiveCfg = Release|Any CPU
		{27EE4A56-C751-4689-8865-B1F84F6F2209}.Release|x86.Build.0 = Release|Any CPU
		{27EE4A56-C751-4689-8865-B1F84F6F2209}.DebugL|Any CPU.ActiveCfg = DebugL|Any CPU
		{27EE4A56-C751-4689-8865-B1F84F6F2209}.DebugL|Any CPU.Build.0 = DebugL|Any CPU
		{27EE4A56-C751-4689-8865-B1F84F6F2209}.DebugL|x64.ActiveCfg = DebugL|Any CPU
		{27EE4A56-C751-4689-8865-B1F84F6F2209}.DebugL|x64.Build.0 = DebugL|Any CPU
		{27EE4A56-C751-4689-8865-B1F84F6F2209}.DebugL|x86.ActiveCfg = DebugL|Any CPU
		{27EE4A56-C751-4689-8865-B1F84F6F2209}.DebugL|x86.Build.0 = DebugL|Any CPU
		{002B95BD-8281-49F0-8467-6B308A7954EA}.Debug|Any CPU.ActiveCfg = Debug|Any CPU
		{002B95BD-8281-49F0-8467-6B308A7954EA}.Debug|Any CPU.Build.0 = Debug|Any CPU
		{002B95BD-8281-49F0-8467-6B308A7954EA}.Debug|x64.ActiveCfg = Debug|Any CPU
		{002B95BD-8281-49F0-8467-6B308A7954EA}.Debug|x64.Build.0 = Debug|Any CPU
		{002B95BD-8281-49F0-8467-6B308A7954EA}.Debug|x86.ActiveCfg = Debug|Any CPU
		{002B95BD-8281-49F0-8467-6B308A7954EA}.Debug|x86.Build.0 = Debug|Any CPU
		{002B95BD-8281-49F0-8467-6B308A7954EA}.Release|Any CPU.ActiveCfg = Release|Any CPU
		{002B95BD-8281-49F0-8467-6B308A7954EA}.Release|Any CPU.Build.0 = Release|Any CPU
		{002B95BD-8281-49F0-8467-6B308A7954EA}.Release|x64.ActiveCfg = Release|Any CPU
		{002B95BD-8281-49F0-8467-6B308A7954EA}.Release|x64.Build.0 = Release|Any CPU
		{002B95BD-8281-49F0-8467-6B308A7954EA}.Release|x86.ActiveCfg = Release|Any CPU
		{002B95BD-8281-49F0-8467-6B308A7954EA}.Release|x86.Build.0 = Release|Any CPU
		{002B95BD-8281-49F0-8467-6B308A7954EA}.DebugL|Any CPU.ActiveCfg = DebugL|Any CPU
		{002B95BD-8281-49F0-8467-6B308A7954EA}.DebugL|Any CPU.Build.0 = DebugL|Any CPU
		{002B95BD-8281-49F0-8467-6B308A7954EA}.DebugL|x64.ActiveCfg = DebugL|Any CPU
		{002B95BD-8281-49F0-8467-6B308A7954EA}.DebugL|x64.Build.0 = DebugL|Any CPU
		{002B95BD-8281-49F0-8467-6B308A7954EA}.DebugL|x86.ActiveCfg = DebugL|Any CPU
		{002B95BD-8281-49F0-8467-6B308A7954EA}.DebugL|x86.Build.0 = DebugL|Any CPU
		{B7F4D30A-CB63-460F-8B08-AC39E6EC3CA7}.Debug|Any CPU.ActiveCfg = Debug|Any CPU
		{B7F4D30A-CB63-460F-8B08-AC39E6EC3CA7}.Debug|Any CPU.Build.0 = Debug|Any CPU
		{B7F4D30A-CB63-460F-8B08-AC39E6EC3CA7}.Debug|x64.ActiveCfg = Debug|Any CPU
		{B7F4D30A-CB63-460F-8B08-AC39E6EC3CA7}.Debug|x64.Build.0 = Debug|Any CPU
		{B7F4D30A-CB63-460F-8B08-AC39E6EC3CA7}.Debug|x86.ActiveCfg = Debug|Any CPU
		{B7F4D30A-CB63-460F-8B08-AC39E6EC3CA7}.Debug|x86.Build.0 = Debug|Any CPU
		{B7F4D30A-CB63-460F-8B08-AC39E6EC3CA7}.Release|Any CPU.ActiveCfg = Release|Any CPU
		{B7F4D30A-CB63-460F-8B08-AC39E6EC3CA7}.Release|Any CPU.Build.0 = Release|Any CPU
		{B7F4D30A-CB63-460F-8B08-AC39E6EC3CA7}.Release|x64.ActiveCfg = Release|Any CPU
		{B7F4D30A-CB63-460F-8B08-AC39E6EC3CA7}.Release|x64.Build.0 = Release|Any CPU
		{B7F4D30A-CB63-460F-8B08-AC39E6EC3CA7}.Release|x86.ActiveCfg = Release|Any CPU
		{B7F4D30A-CB63-460F-8B08-AC39E6EC3CA7}.Release|x86.Build.0 = Release|Any CPU
		{B7F4D30A-CB63-460F-8B08-AC39E6EC3CA7}.DebugL|Any CPU.ActiveCfg = DebugL|Any CPU
		{B7F4D30A-CB63-460F-8B08-AC39E6EC3CA7}.DebugL|Any CPU.Build.0 = DebugL|Any CPU
		{B7F4D30A-CB63-460F-8B08-AC39E6EC3CA7}.DebugL|x64.ActiveCfg = DebugL|Any CPU
		{B7F4D30A-CB63-460F-8B08-AC39E6EC3CA7}.DebugL|x64.Build.0 = DebugL|Any CPU
		{B7F4D30A-CB63-460F-8B08-AC39E6EC3CA7}.DebugL|x86.ActiveCfg = DebugL|Any CPU
		{B7F4D30A-CB63-460F-8B08-AC39E6EC3CA7}.DebugL|x86.Build.0 = DebugL|Any CPU
		{FEAADAB4-6D4A-473F-8981-B77B26284F48}.Debug|Any CPU.ActiveCfg = Debug|Any CPU
		{FEAADAB4-6D4A-473F-8981-B77B26284F48}.Debug|Any CPU.Build.0 = Debug|Any CPU
		{FEAADAB4-6D4A-473F-8981-B77B26284F48}.Debug|x64.ActiveCfg = Debug|Any CPU
		{FEAADAB4-6D4A-473F-8981-B77B26284F48}.Debug|x64.Build.0 = Debug|Any CPU
		{FEAADAB4-6D4A-473F-8981-B77B26284F48}.Debug|x86.ActiveCfg = Debug|Any CPU
		{FEAADAB4-6D4A-473F-8981-B77B26284F48}.Debug|x86.Build.0 = Debug|Any CPU
		{FEAADAB4-6D4A-473F-8981-B77B26284F48}.Release|Any CPU.ActiveCfg = Release|Any CPU
		{FEAADAB4-6D4A-473F-8981-B77B26284F48}.Release|Any CPU.Build.0 = Release|Any CPU
		{FEAADAB4-6D4A-473F-8981-B77B26284F48}.Release|x64.ActiveCfg = Release|Any CPU
		{FEAADAB4-6D4A-473F-8981-B77B26284F48}.Release|x64.Build.0 = Release|Any CPU
		{FEAADAB4-6D4A-473F-8981-B77B26284F48}.Release|x86.ActiveCfg = Release|Any CPU
		{FEAADAB4-6D4A-473F-8981-B77B26284F48}.Release|x86.Build.0 = Release|Any CPU
		{FEAADAB4-6D4A-473F-8981-B77B26284F48}.DebugL|Any CPU.ActiveCfg = DebugL|Any CPU
		{FEAADAB4-6D4A-473F-8981-B77B26284F48}.DebugL|Any CPU.Build.0 = DebugL|Any CPU
		{FEAADAB4-6D4A-473F-8981-B77B26284F48}.DebugL|x64.ActiveCfg = DebugL|Any CPU
		{FEAADAB4-6D4A-473F-8981-B77B26284F48}.DebugL|x64.Build.0 = DebugL|Any CPU
		{FEAADAB4-6D4A-473F-8981-B77B26284F48}.DebugL|x86.ActiveCfg = DebugL|Any CPU
		{FEAADAB4-6D4A-473F-8981-B77B26284F48}.DebugL|x86.Build.0 = DebugL|Any CPU
		{AF86A320-185A-48EC-8E27-A76AF2F30932}.Debug|Any CPU.ActiveCfg = Debug|Any CPU
		{AF86A320-185A-48EC-8E27-A76AF2F30932}.Debug|Any CPU.Build.0 = Debug|Any CPU
		{AF86A320-185A-48EC-8E27-A76AF2F30932}.Debug|x64.ActiveCfg = Debug|Any CPU
		{AF86A320-185A-48EC-8E27-A76AF2F30932}.Debug|x64.Build.0 = Debug|Any CPU
		{AF86A320-185A-48EC-8E27-A76AF2F30932}.Debug|x86.ActiveCfg = Debug|Any CPU
		{AF86A320-185A-48EC-8E27-A76AF2F30932}.Debug|x86.Build.0 = Debug|Any CPU
		{AF86A320-185A-48EC-8E27-A76AF2F30932}.Release|Any CPU.ActiveCfg = Release|Any CPU
		{AF86A320-185A-48EC-8E27-A76AF2F30932}.Release|Any CPU.Build.0 = Release|Any CPU
		{AF86A320-185A-48EC-8E27-A76AF2F30932}.Release|x64.ActiveCfg = Release|Any CPU
		{AF86A320-185A-48EC-8E27-A76AF2F30932}.Release|x64.Build.0 = Release|Any CPU
		{AF86A320-185A-48EC-8E27-A76AF2F30932}.Release|x86.ActiveCfg = Release|Any CPU
		{AF86A320-185A-48EC-8E27-A76AF2F30932}.Release|x86.Build.0 = Release|Any CPU
		{AF86A320-185A-48EC-8E27-A76AF2F30932}.DebugL|Any CPU.ActiveCfg = DebugL|Any CPU
		{AF86A320-185A-48EC-8E27-A76AF2F30932}.DebugL|Any CPU.Build.0 = DebugL|Any CPU
		{AF86A320-185A-48EC-8E27-A76AF2F30932}.DebugL|x64.ActiveCfg = DebugL|Any CPU
		{AF86A320-185A-48EC-8E27-A76AF2F30932}.DebugL|x64.Build.0 = DebugL|Any CPU
		{AF86A320-185A-48EC-8E27-A76AF2F30932}.DebugL|x86.ActiveCfg = DebugL|Any CPU
		{AF86A320-185A-48EC-8E27-A76AF2F30932}.DebugL|x86.Build.0 = DebugL|Any CPU
		{8741EC3E-CB4B-49D9-A12E-973478013C0A}.Debug|Any CPU.ActiveCfg = Debug|Any CPU
		{8741EC3E-CB4B-49D9-A12E-973478013C0A}.Debug|Any CPU.Build.0 = Debug|Any CPU
		{8741EC3E-CB4B-49D9-A12E-973478013C0A}.Debug|x64.ActiveCfg = Debug|Any CPU
		{8741EC3E-CB4B-49D9-A12E-973478013C0A}.Debug|x64.Build.0 = Debug|Any CPU
		{8741EC3E-CB4B-49D9-A12E-973478013C0A}.Debug|x86.ActiveCfg = Debug|Any CPU
		{8741EC3E-CB4B-49D9-A12E-973478013C0A}.Debug|x86.Build.0 = Debug|Any CPU
		{8741EC3E-CB4B-49D9-A12E-973478013C0A}.Release|Any CPU.ActiveCfg = Release|Any CPU
		{8741EC3E-CB4B-49D9-A12E-973478013C0A}.Release|Any CPU.Build.0 = Release|Any CPU
		{8741EC3E-CB4B-49D9-A12E-973478013C0A}.Release|x64.ActiveCfg = Release|Any CPU
		{8741EC3E-CB4B-49D9-A12E-973478013C0A}.Release|x64.Build.0 = Release|Any CPU
		{8741EC3E-CB4B-49D9-A12E-973478013C0A}.Release|x86.ActiveCfg = Release|Any CPU
		{8741EC3E-CB4B-49D9-A12E-973478013C0A}.Release|x86.Build.0 = Release|Any CPU
		{8741EC3E-CB4B-49D9-A12E-973478013C0A}.DebugL|Any CPU.ActiveCfg = DebugL|Any CPU
		{8741EC3E-CB4B-49D9-A12E-973478013C0A}.DebugL|Any CPU.Build.0 = DebugL|Any CPU
		{8741EC3E-CB4B-49D9-A12E-973478013C0A}.DebugL|x64.ActiveCfg = DebugL|Any CPU
		{8741EC3E-CB4B-49D9-A12E-973478013C0A}.DebugL|x64.Build.0 = DebugL|Any CPU
		{8741EC3E-CB4B-49D9-A12E-973478013C0A}.DebugL|x86.ActiveCfg = DebugL|Any CPU
		{8741EC3E-CB4B-49D9-A12E-973478013C0A}.DebugL|x86.Build.0 = DebugL|Any CPU
		{A6783560-BC64-4C8D-9EBF-552B6F5A8BC8}.Debug|Any CPU.ActiveCfg = Debug|Any CPU
		{A6783560-BC64-4C8D-9EBF-552B6F5A8BC8}.Debug|Any CPU.Build.0 = Debug|Any CPU
		{A6783560-BC64-4C8D-9EBF-552B6F5A8BC8}.Debug|x64.ActiveCfg = Debug|Any CPU
		{A6783560-BC64-4C8D-9EBF-552B6F5A8BC8}.Debug|x64.Build.0 = Debug|Any CPU
		{A6783560-BC64-4C8D-9EBF-552B6F5A8BC8}.Debug|x86.ActiveCfg = Debug|Any CPU
		{A6783560-BC64-4C8D-9EBF-552B6F5A8BC8}.Debug|x86.Build.0 = Debug|Any CPU
		{A6783560-BC64-4C8D-9EBF-552B6F5A8BC8}.Release|Any CPU.ActiveCfg = Release|Any CPU
		{A6783560-BC64-4C8D-9EBF-552B6F5A8BC8}.Release|Any CPU.Build.0 = Release|Any CPU
		{A6783560-BC64-4C8D-9EBF-552B6F5A8BC8}.Release|x64.ActiveCfg = Release|Any CPU
		{A6783560-BC64-4C8D-9EBF-552B6F5A8BC8}.Release|x64.Build.0 = Release|Any CPU
		{A6783560-BC64-4C8D-9EBF-552B6F5A8BC8}.Release|x86.ActiveCfg = Release|Any CPU
		{A6783560-BC64-4C8D-9EBF-552B6F5A8BC8}.Release|x86.Build.0 = Release|Any CPU
		{A6783560-BC64-4C8D-9EBF-552B6F5A8BC8}.DebugL|Any CPU.ActiveCfg = DebugL|Any CPU
		{A6783560-BC64-4C8D-9EBF-552B6F5A8BC8}.DebugL|Any CPU.Build.0 = DebugL|Any CPU
		{A6783560-BC64-4C8D-9EBF-552B6F5A8BC8}.DebugL|x64.ActiveCfg = DebugL|Any CPU
		{A6783560-BC64-4C8D-9EBF-552B6F5A8BC8}.DebugL|x64.Build.0 = DebugL|Any CPU
		{A6783560-BC64-4C8D-9EBF-552B6F5A8BC8}.DebugL|x86.ActiveCfg = DebugL|Any CPU
		{A6783560-BC64-4C8D-9EBF-552B6F5A8BC8}.DebugL|x86.Build.0 = DebugL|Any CPU
	EndGlobalSection
	GlobalSection(SolutionProperties) = preSolution
		HideSolutionNode = FALSE
	EndGlobalSection
	GlobalSection(NestedProjects) = preSolution
		{AF86A320-185A-48EC-8E27-A76AF2F30932} = {AA607D88-0DC7-4180-8E05-8C47336E4DB2}
		{8741EC3E-CB4B-49D9-A12E-973478013C0A} = {A9128CA7-6F84-4E8F-8F03-07293BA7DF54}
		{A6783560-BC64-4C8D-9EBF-552B6F5A8BC8} = {A9128CA7-6F84-4E8F-8F03-07293BA7DF54}
	EndGlobalSection
EndGlobal
